[[package]]
name = "absl-py"
version = "1.3.0"
description = "Abseil Python Common Libraries, see https://github.com/abseil/abseil-py."
category = "main"
optional = false
python-versions = ">=3.6"

[[package]]
name = "chex"
version = "0.1.5"
description = "Chex: Testing made fun, in JAX!"
category = "main"
optional = false
python-versions = ">=3.7"

[package.dependencies]
absl-py = ">=0.9.0"
dm-tree = ">=0.1.5"
jax = ">=0.1.55"
jaxlib = ">=0.1.37"
numpy = ">=1.18.0"
toolz = ">=0.9.0"

[[package]]
name = "dm-haiku"
version = "0.0.9"
description = "Haiku is a library for building neural networks in JAX."
category = "dev"
optional = false
python-versions = "*"

[package.dependencies]
absl-py = ">=0.7.1"
jmp = ">=0.0.2"
numpy = ">=1.18.0"
tabulate = ">=0.8.9"
typing-extensions = {version = "*", markers = "python_version < \"3.8\""}

[package.extras]
jax = ["jax (==0.3.16)", "jaxlib (==0.3.15)"]

[[package]]
name = "dm-tree"
version = "0.1.7"
description = "Tree is a library for working with nested data structures."
category = "main"
optional = false
python-versions = "*"

[[package]]
name = "jax"
version = "0.3.25"
description = "Differentiate, compile, and transform Numpy code."
category = "main"
optional = false
python-versions = ">=3.7"

[package.dependencies]
numpy = ">=1.20"
opt_einsum = "*"
scipy = ">=1.5"
typing_extensions = "*"

[package.extras]
australis = ["protobuf (>=3.13,<4)"]
ci = ["jaxlib (==0.3.24)"]
cpu = ["jaxlib (==0.3.25)"]
cuda = ["jaxlib (==0.3.25+cuda11.cudnn82)"]
cuda11-cudnn805 = ["jaxlib (==0.3.25+cuda11.cudnn805)"]
cuda11-cudnn82 = ["jaxlib (==0.3.25+cuda11.cudnn82)"]
minimum-jaxlib = ["jaxlib (==0.3.22)"]
tpu = ["jaxlib (==0.3.25)", "libtpu-nightly (==0.1.dev20221109)", "requests"]

[[package]]
name = "jaxlib"
version = "0.3.25"
description = "XLA library for JAX"
category = "main"
optional = false
python-versions = ">=3.7"

[package.dependencies]
numpy = ">=1.20"
scipy = ">=1.5"

[[package]]
name = "jmp"
version = "0.0.2"
description = "JMP is a Mixed Precision library for JAX."
category = "dev"
optional = false
python-versions = "*"

[package.dependencies]
numpy = ">=1.19.5"

[package.extras]
jax = ["jax (>=0.1.71)"]
jaxlib = ["jaxlib (>=0.1.49)"]

[[package]]
name = "numpy"
version = "1.21.1"
description = "NumPy is the fundamental package for array computing with Python."
category = "main"
optional = false
python-versions = ">=3.7"

[[package]]
name = "opt-einsum"
version = "3.3.0"
description = "Optimizing numpys einsum function"
category = "main"
optional = false
python-versions = ">=3.5"

[package.dependencies]
numpy = ">=1.7"

[package.extras]
docs = ["numpydoc", "sphinx (==1.2.3)", "sphinx-rtd-theme", "sphinxcontrib-napoleon"]
tests = ["pytest", "pytest-cov", "pytest-pep8"]

[[package]]
name = "optax"
version = "0.1.3"
description = "A gradient processing and optimisation library in JAX."
category = "main"
optional = false
python-versions = ">=3.7"

[package.dependencies]
absl-py = ">=0.7.1"
chex = ">=0.0.4"
jax = ">=0.1.55"
jaxlib = ">=0.1.37"
numpy = ">=1.18.0"
typing-extensions = ">=3.10.0"

[[package]]
name = "scipy"
version = "1.6.1"
description = "SciPy: Scientific Library for Python"
category = "main"
optional = false
python-versions = ">=3.7"

[package.dependencies]
numpy = ">=1.16.5"

[[package]]
name = "tabulate"
version = "0.9.0"
description = "Pretty-print tabular data"
category = "dev"
optional = false
python-versions = ">=3.7"

[package.extras]
widechars = ["wcwidth"]

[[package]]
name = "toolz"
version = "0.12.0"
description = "List processing tools and functional utilities"
category = "main"
optional = false
python-versions = ">=3.5"

[[package]]
name = "typing-extensions"
version = "4.4.0"
description = "Backported and Experimental Type Hints for Python 3.7+"
category = "main"
optional = false
python-versions = ">=3.7"

[metadata]
lock-version = "1.1"
python-versions = "^3.7"
content-hash = "aea4bf4b3afc68279ee261259438e15b2c184130e6917a0b3a286663974bde55"

[metadata.files]
absl-py = [
    {file = "absl-py-1.3.0.tar.gz", hash = "sha256:463c38a08d2e4cef6c498b76ba5bd4858e4c6ef51da1a5a1f27139a022e20248"},
    {file = "absl_py-1.3.0-py3-none-any.whl", hash = "sha256:34995df9bd7a09b3b8749e230408f5a2a2dd7a68a0d33c12a3d0cb15a041a507"},
]
chex = [
    {file = "chex-0.1.5-py3-none-any.whl", hash = "sha256:b3321184850d5fc29b2eca63087cdbdd83a1b3e4f33c1314ff8b3b8bd67abbca"},
    {file = "chex-0.1.5.tar.gz", hash = "sha256:686858320f8f220c82a6c7eeb54dcdcaa4f3d7f66690dacd13a24baa1ee8299e"},
]
dm-haiku = [
    {file = "dm-haiku-0.0.9.tar.gz", hash = "sha256:97752b32cdbe5a3e2d1c60ea884d33eb4b36e7d410000f0d61b571417c925435"},
    {file = "dm_haiku-0.0.9-py3-none-any.whl", hash = "sha256:f057ee8af4ef08499d0381e8f0733525ace1d099f24c5adb700fdcfaab7b03ca"},
]
dm-tree = [
    {file = "dm-tree-0.1.7.tar.gz", hash = "sha256:30fec8aca5b92823c0e796a2f33b875b4dccd470b57e91e6c542405c5f77fd2a"},
    {file = "dm_tree-0.1.7-cp310-cp310-macosx_10_9_universal2.whl", hash = "sha256:3fae437135b6cbbdd51e96488a35e78c3617defa0b65265e7e8752d506f933fd"},
    {file = "dm_tree-0.1.7-cp310-cp310-macosx_10_9_x86_64.whl", hash = "sha256:d377bd621b485db42c4aeea0eabbd8f6274b89a9c338c2c1bf69a40c3b86a1fd"},
    {file = "dm_tree-0.1.7-cp310-cp310-macosx_11_0_arm64.whl", hash = "sha256:1410fa2f2cc8dc7c01386f4e93ddeeb56765574ffafb632a9b6bd96496195b10"},
    {file = "dm_tree-0.1.7-cp310-cp310-manylinux_2_12_x86_64.manylinux2010_x86_64.whl", hash = "sha256:57edb6fbd88fcdd9908547cbf21045a9d663c0d9e5983dca7e6f9cf8b6584bb5"},
    {file = "dm_tree-0.1.7-cp310-cp310-win_amd64.whl", hash = "sha256:9edc1783a08d87c4e130781f55cbd904d6a564f7cce7dfb63f9ef3bee8e38209"},
    {file = "dm_tree-0.1.7-cp36-cp36m-macosx_10_9_x86_64.whl", hash = "sha256:98fce150ceebb0a818f0eace1616004031cfa5e3375f50599ad790ff52414ba9"},
    {file = "dm_tree-0.1.7-cp36-cp36m-manylinux_2_12_x86_64.manylinux2010_x86_64.whl", hash = "sha256:b4364fc9a5721a2b840ac8ea75b8f58b430bec9fdc8b99304d2aecb3cfe46b1b"},
    {file = "dm_tree-0.1.7-cp36-cp36m-win_amd64.whl", hash = "sha256:a085f500b295a6bf439c538e9058c7798ecb8c7d0dc916291f3d8d79d6124d17"},
    {file = "dm_tree-0.1.7-cp37-cp37m-macosx_10_9_x86_64.whl", hash = "sha256:f3e2bd9b9c05d1a0039f7c128d8b055c8a05708ef569cdbbeec0a2946e425bd4"},
    {file = "dm_tree-0.1.7-cp37-cp37m-manylinux_2_12_x86_64.manylinux2010_x86_64.whl", hash = "sha256:91c6240e47c9d80dbd7de5a29a2ca663143717a72c613130ba8ac4354fa741a9"},
    {file = "dm_tree-0.1.7-cp37-cp37m-win_amd64.whl", hash = "sha256:0f01743cc2247170e64798c6b4b31853717054bf9ceec47a1b1b8c2a4baf5792"},
    {file = "dm_tree-0.1.7-cp38-cp38-macosx_10_9_universal2.whl", hash = "sha256:4992ac5c42af1d73042cd2d3af4e7892d3750e6c1bb8e5a4f81534aa6515f350"},
    {file = "dm_tree-0.1.7-cp38-cp38-macosx_10_9_x86_64.whl", hash = "sha256:20f24cad4decbf4c1f176a959d16e877c73df33b07d7d1f078a5b8abe72f79f8"},
    {file = "dm_tree-0.1.7-cp38-cp38-macosx_11_0_arm64.whl", hash = "sha256:3166304411d14c50a5da1c583e24d6069b44de0c9e06479cb36cdf048a466945"},
    {file = "dm_tree-0.1.7-cp38-cp38-manylinux_2_12_x86_64.manylinux2010_x86_64.whl", hash = "sha256:3b00885c21267934a3d3c68660811d3f891c9539fd53712f5b2423c6d74bf1e6"},
    {file = "dm_tree-0.1.7-cp38-cp38-win_amd64.whl", hash = "sha256:7f1f3dca9d669f3c09654ff6d69cfafd86a7f967c3095405b2692ee8d8ef3cfd"},
    {file = "dm_tree-0.1.7-cp39-cp39-macosx_10_9_universal2.whl", hash = "sha256:51b9bdf1109b47cc22884b1919e6fe38edf28b5aa02e7c661bb760a0e7cf0157"},
    {file = "dm_tree-0.1.7-cp39-cp39-macosx_10_9_x86_64.whl", hash = "sha256:2a843608e078d1622ebb5e50962a8c718d3fa1ab9461b95a12395a803545b2f5"},
    {file = "dm_tree-0.1.7-cp39-cp39-macosx_11_0_arm64.whl", hash = "sha256:7fa0740b7fbae2c3a43a3114a514891b5d6c383050828f36aa1816cf40f73a6a"},
    {file = "dm_tree-0.1.7-cp39-cp39-manylinux_2_12_x86_64.manylinux2010_x86_64.whl", hash = "sha256:1379a02df36e2bbff9819ceafa55ccd436b15af398803f781f372f8ead7ed871"},
    {file = "dm_tree-0.1.7-cp39-cp39-win_amd64.whl", hash = "sha256:3ca0a58e219b7b0bc201fea4679971188d0a9028a2543c16803a84e8f8c7eb2c"},
]
jax = [
    {file = "jax-0.3.25.tar.gz", hash = "sha256:18bea69321cb95ea5ea913adfe5e2c1d453cade9d4cfd0dc814ecba9fc0cb6e3"},
]
jaxlib = [
    {file = "jaxlib-0.3.25-cp310-cp310-macosx_10_14_x86_64.whl", hash = "sha256:09508f7000c0fa958fba29267338e8de75b31d7ea29bd79719a568c38f0f8d31"},
    {file = "jaxlib-0.3.25-cp310-cp310-macosx_11_0_arm64.whl", hash = "sha256:3c75c8efd3702687968820446e3fb9ff997f8a2a07ab92e33b80e2f12eab3d9a"},
    {file = "jaxlib-0.3.25-cp310-cp310-manylinux2014_x86_64.whl", hash = "sha256:6e2f4e51041b8371aa3976b5a3a9cdcdccb1bd7b040c9b1345cbf24bd28a8d19"},
    {file = "jaxlib-0.3.25-cp311-cp311-macosx_10_14_x86_64.whl", hash = "sha256:f2d517635fd77e2729c0ab7863be0d290927d01b2abb2f5dc955c821f8b0d53e"},
    {file = "jaxlib-0.3.25-cp311-cp311-macosx_11_0_arm64.whl", hash = "sha256:13446a8382aa9ed944c16af636ca111d0afbbead91eed5cc2dc71195045e71b3"},
    {file = "jaxlib-0.3.25-cp311-cp311-manylinux2014_x86_64.whl", hash = "sha256:71866aeaafbc9a12b59dcbe443353772ef235b40c53f8bd7403d39311822c276"},
    {file = "jaxlib-0.3.25-cp37-cp37m-macosx_10_14_x86_64.whl", hash = "sha256:1e59ba58c9e93c1e1cef243f2609ec0b0c0a81160c20b9555aecdea32ccd6a78"},
    {file = "jaxlib-0.3.25-cp37-cp37m-manylinux2014_x86_64.whl", hash = "sha256:5295354ed5db111e6f3e88cdfa4010d11c33dd926ac61735b9096b4e0746aa7b"},
    {file = "jaxlib-0.3.25-cp38-cp38-macosx_10_14_x86_64.whl", hash = "sha256:9f3116389ee834b3cdeb30001b085f4b55d7741366034f041c1d377154aa5afa"},
    {file = "jaxlib-0.3.25-cp38-cp38-macosx_11_0_arm64.whl", hash = "sha256:78b29c72d0680829db9377ed9be326875849258a60b8173b4a388b34ad18bc78"},
    {file = "jaxlib-0.3.25-cp38-cp38-manylinux2014_x86_64.whl", hash = "sha256:2e008e0a6c10aa7e949555e98dc0471e0d550d5d7c109771e38a971b49480538"},
    {file = "jaxlib-0.3.25-cp39-cp39-macosx_10_14_x86_64.whl", hash = "sha256:fec043cdd55f3257d02e9d8880b33860eacadcae1bd5e26f43fdd08ada23614d"},
    {file = "jaxlib-0.3.25-cp39-cp39-macosx_11_0_arm64.whl", hash = "sha256:a50193ba0cbf879021c9d73d7bcfa7eafb9138895d057b774c301aac3701f9a5"},
    {file = "jaxlib-0.3.25-cp39-cp39-manylinux2014_x86_64.whl", hash = "sha256:1f1448f102a9d05186f579b6931fa0c607783ecc915fdfaa482c19538affa180"},
]
jmp = [
    {file = "jmp-0.0.2-py3-none-any.whl", hash = "sha256:48f94b2ba0c9db759851a23cce2fbfa622e954c3c811651bc11b196246f02527"},
    {file = "jmp-0.0.2.tar.gz", hash = "sha256:fdb5cec0d10aab4116c2770f24b2adf4f503fcfbb96ce8ef583e1879bdbf1b9b"},
]
numpy = [
    {file = "numpy-1.21.1-cp37-cp37m-macosx_10_9_x86_64.whl", hash = "sha256:38e8648f9449a549a7dfe8d8755a5979b45b3538520d1e735637ef28e8c2dc50"},
    {file = "numpy-1.21.1-cp37-cp37m-manylinux_2_12_i686.manylinux2010_i686.whl", hash = "sha256:fd7d7409fa643a91d0a05c7554dd68aa9c9bb16e186f6ccfe40d6e003156e33a"},
    {file = "numpy-1.21.1-cp37-cp37m-manylinux_2_12_x86_64.manylinux2010_x86_64.whl", hash = "sha256:a75b4498b1e93d8b700282dc8e655b8bd559c0904b3910b144646dbbbc03e062"},
    {file = "numpy-1.21.1-cp37-cp37m-manylinux_2_17_aarch64.manylinux2014_aarch64.whl", hash = "sha256:1412aa0aec3e00bc23fbb8664d76552b4efde98fb71f60737c83efbac24112f1"},
    {file = "numpy-1.21.1-cp37-cp37m-manylinux_2_5_i686.manylinux1_i686.whl", hash = "sha256:e46ceaff65609b5399163de5893d8f2a82d3c77d5e56d976c8b5fb01faa6b671"},
    {file = "numpy-1.21.1-cp37-cp37m-manylinux_2_5_x86_64.manylinux1_x86_64.whl", hash = "sha256:c6a2324085dd52f96498419ba95b5777e40b6bcbc20088fddb9e8cbb58885e8e"},
    {file = "numpy-1.21.1-cp37-cp37m-win32.whl", hash = "sha256:73101b2a1fef16602696d133db402a7e7586654682244344b8329cdcbbb82172"},
    {file = "numpy-1.21.1-cp37-cp37m-win_amd64.whl", hash = "sha256:7a708a79c9a9d26904d1cca8d383bf869edf6f8e7650d85dbc77b041e8c5a0f8"},
    {file = "numpy-1.21.1-cp38-cp38-macosx_10_9_universal2.whl", hash = "sha256:95b995d0c413f5d0428b3f880e8fe1660ff9396dcd1f9eedbc311f37b5652e16"},
    {file = "numpy-1.21.1-cp38-cp38-macosx_10_9_x86_64.whl", hash = "sha256:635e6bd31c9fb3d475c8f44a089569070d10a9ef18ed13738b03049280281267"},
    {file = "numpy-1.21.1-cp38-cp38-macosx_11_0_arm64.whl", hash = "sha256:4a3d5fb89bfe21be2ef47c0614b9c9c707b7362386c9a3ff1feae63e0267ccb6"},
    {file = "numpy-1.21.1-cp38-cp38-manylinux_2_12_i686.manylinux2010_i686.whl", hash = "sha256:8a326af80e86d0e9ce92bcc1e65c8ff88297de4fa14ee936cb2293d414c9ec63"},
    {file = "numpy-1.21.1-cp38-cp38-manylinux_2_12_x86_64.manylinux2010_x86_64.whl", hash = "sha256:791492091744b0fe390a6ce85cc1bf5149968ac7d5f0477288f78c89b385d9af"},
    {file = "numpy-1.21.1-cp38-cp38-manylinux_2_17_aarch64.manylinux2014_aarch64.whl", hash = "sha256:0318c465786c1f63ac05d7c4dbcecd4d2d7e13f0959b01b534ea1e92202235c5"},
    {file = "numpy-1.21.1-cp38-cp38-manylinux_2_5_i686.manylinux1_i686.whl", hash = "sha256:9a513bd9c1551894ee3d31369f9b07460ef223694098cf27d399513415855b68"},
    {file = "numpy-1.21.1-cp38-cp38-manylinux_2_5_x86_64.manylinux1_x86_64.whl", hash = "sha256:91c6f5fc58df1e0a3cc0c3a717bb3308ff850abdaa6d2d802573ee2b11f674a8"},
    {file = "numpy-1.21.1-cp38-cp38-win32.whl", hash = "sha256:978010b68e17150db8765355d1ccdd450f9fc916824e8c4e35ee620590e234cd"},
    {file = "numpy-1.21.1-cp38-cp38-win_amd64.whl", hash = "sha256:9749a40a5b22333467f02fe11edc98f022133ee1bfa8ab99bda5e5437b831214"},
    {file = "numpy-1.21.1-cp39-cp39-macosx_10_9_universal2.whl", hash = "sha256:d7a4aeac3b94af92a9373d6e77b37691b86411f9745190d2c351f410ab3a791f"},
    {file = "numpy-1.21.1-cp39-cp39-macosx_10_9_x86_64.whl", hash = "sha256:d9e7912a56108aba9b31df688a4c4f5cb0d9d3787386b87d504762b6754fbb1b"},
    {file = "numpy-1.21.1-cp39-cp39-macosx_11_0_arm64.whl", hash = "sha256:25b40b98ebdd272bc3020935427a4530b7d60dfbe1ab9381a39147834e985eac"},
    {file = "numpy-1.21.1-cp39-cp39-manylinux_2_12_i686.manylinux2010_i686.whl", hash = "sha256:8a92c5aea763d14ba9d6475803fc7904bda7decc2a0a68153f587ad82941fec1"},
    {file = "numpy-1.21.1-cp39-cp39-manylinux_2_12_x86_64.manylinux2010_x86_64.whl", hash = "sha256:05a0f648eb28bae4bcb204e6fd14603de2908de982e761a2fc78efe0f19e96e1"},
    {file = "numpy-1.21.1-cp39-cp39-manylinux_2_17_aarch64.manylinux2014_aarch64.whl", hash = "sha256:f01f28075a92eede918b965e86e8f0ba7b7797a95aa8d35e1cc8821f5fc3ad6a"},
    {file = "numpy-1.21.1-cp39-cp39-win32.whl", hash = "sha256:88c0b89ad1cc24a5efbb99ff9ab5db0f9a86e9cc50240177a571fbe9c2860ac2"},
    {file = "numpy-1.21.1-cp39-cp39-win_amd64.whl", hash = "sha256:01721eefe70544d548425a07c80be8377096a54118070b8a62476866d5208e33"},
    {file = "numpy-1.21.1-pp37-pypy37_pp73-manylinux_2_12_x86_64.manylinux2010_x86_64.whl", hash = "sha256:2d4d1de6e6fb3d28781c73fbde702ac97f03d79e4ffd6598b880b2d95d62ead4"},
    {file = "numpy-1.21.1.zip", hash = "sha256:dff4af63638afcc57a3dfb9e4b26d434a7a602d225b42d746ea7fe2edf1342fd"},
]
opt-einsum = [
    {file = "opt_einsum-3.3.0-py3-none-any.whl", hash = "sha256:2455e59e3947d3c275477df7f5205b30635e266fe6dc300e3d9f9646bfcea147"},
    {file = "opt_einsum-3.3.0.tar.gz", hash = "sha256:59f6475f77bbc37dcf7cd748519c0ec60722e91e63ca114e68821c0c54a46549"},
]
optax = [
    {file = "optax-0.1.3-py3-none-any.whl", hash = "sha256:33ac3b36bc8f6e087e112fd3a14ab054b99d1c26867aae552db80e234916e522"},
    {file = "optax-0.1.3.tar.gz", hash = "sha256:159e954405c3ba2072c2add7cec5532be7399bcafab3039acbf608b11844a879"},
]
scipy = [
    {file = "scipy-1.6.1-cp37-cp37m-macosx_10_9_x86_64.whl", hash = "sha256:a15a1f3fc0abff33e792d6049161b7795909b40b97c6cc2934ed54384017ab76"},
    {file = "scipy-1.6.1-cp37-cp37m-manylinux1_i686.whl", hash = "sha256:e79570979ccdc3d165456dd62041d9556fb9733b86b4b6d818af7a0afc15f092"},
    {file = "scipy-1.6.1-cp37-cp37m-manylinux1_x86_64.whl", hash = "sha256:a423533c55fec61456dedee7b6ee7dce0bb6bfa395424ea374d25afa262be261"},
    {file = "scipy-1.6.1-cp37-cp37m-manylinux2014_aarch64.whl", hash = "sha256:33d6b7df40d197bdd3049d64e8e680227151673465e5d85723b3b8f6b15a6ced"},
    {file = "scipy-1.6.1-cp37-cp37m-win32.whl", hash = "sha256:6725e3fbb47da428794f243864f2297462e9ee448297c93ed1dcbc44335feb78"},
    {file = "scipy-1.6.1-cp37-cp37m-win_amd64.whl", hash = "sha256:5fa9c6530b1661f1370bcd332a1e62ca7881785cc0f80c0d559b636567fab63c"},
    {file = "scipy-1.6.1-cp38-cp38-macosx_10_9_x86_64.whl", hash = "sha256:bd50daf727f7c195e26f27467c85ce653d41df4358a25b32434a50d8870fc519"},
    {file = "scipy-1.6.1-cp38-cp38-manylinux1_i686.whl", hash = "sha256:f46dd15335e8a320b0fb4685f58b7471702234cba8bb3442b69a3e1dc329c345"},
    {file = "scipy-1.6.1-cp38-cp38-manylinux1_x86_64.whl", hash = "sha256:0e5b0ccf63155d90da576edd2768b66fb276446c371b73841e3503be1d63fb5d"},
    {file = "scipy-1.6.1-cp38-cp38-manylinux2014_aarch64.whl", hash = "sha256:2481efbb3740977e3c831edfd0bd9867be26387cacf24eb5e366a6a374d3d00d"},
    {file = "scipy-1.6.1-cp38-cp38-win32.whl", hash = "sha256:68cb4c424112cd4be886b4d979c5497fba190714085f46b8ae67a5e4416c32b4"},
    {file = "scipy-1.6.1-cp38-cp38-win_amd64.whl", hash = "sha256:5f331eeed0297232d2e6eea51b54e8278ed8bb10b099f69c44e2558c090d06bf"},
    {file = "scipy-1.6.1-cp39-cp39-macosx_10_9_x86_64.whl", hash = "sha256:0c8a51d33556bf70367452d4d601d1742c0e806cd0194785914daf19775f0e67"},
    {file = "scipy-1.6.1-cp39-cp39-manylinux1_i686.whl", hash = "sha256:83bf7c16245c15bc58ee76c5418e46ea1811edcc2e2b03041b804e46084ab627"},
    {file = "scipy-1.6.1-cp39-cp39-manylinux1_x86_64.whl", hash = "sha256:794e768cc5f779736593046c9714e0f3a5940bc6dcc1dba885ad64cbfb28e9f0"},
    {file = "scipy-1.6.1-cp39-cp39-manylinux2014_aarch64.whl", hash = "sha256:5da5471aed911fe7e52b86bf9ea32fb55ae93e2f0fac66c32e58897cfb02fa07"},
    {file = "scipy-1.6.1-cp39-cp39-win32.whl", hash = "sha256:8e403a337749ed40af60e537cc4d4c03febddcc56cd26e774c9b1b600a70d3e4"},
    {file = "scipy-1.6.1-cp39-cp39-win_amd64.whl", hash = "sha256:a5193a098ae9f29af283dcf0041f762601faf2e595c0db1da929875b7570353f"},
    {file = "scipy-1.6.1.tar.gz", hash = "sha256:c4fceb864890b6168e79b0e714c585dbe2fd4222768ee90bc1aa0f8218691b11"},
]
tabulate = [
    {file = "tabulate-0.9.0-py3-none-any.whl", hash = "sha256:024ca478df22e9340661486f85298cff5f6dcdba14f3813e8830015b9ed1948f"},
    {file = "tabulate-0.9.0.tar.gz", hash = "sha256:0095b12bf5966de529c0feb1fa08671671b3368eec77d7ef7ab114be2c068b3c"},
]
toolz = [
    {file = "toolz-0.12.0-py3-none-any.whl", hash = "sha256:2059bd4148deb1884bb0eb770a3cde70e7f954cfbbdc2285f1f2de01fd21eb6f"},
    {file = "toolz-0.12.0.tar.gz", hash = "sha256:88c570861c440ee3f2f6037c4654613228ff40c93a6c25e0eba70d17282c6194"},
]
typing-extensions = [
    {file = "typing_extensions-4.4.0-py3-none-any.whl", hash = "sha256:16fa4864408f655d35ec496218b85f79b3437c829e93320c7c9215ccfd92489e"},
    {file = "typing_extensions-4.4.0.tar.gz", hash = "sha256:1511434bb92bf8dd198c12b1cc812e800d4181cfcb867674e0f8279cc93087aa"},
]
